// !$*UTF8*$!
{
	archiveVersion = 1;
	classes = {
	};
	objectVersion = 46;
	objects = {

/* Begin PBXBuildFile section */
		503D62D913257D92007772CA /* Cocoa.framework in Frameworks */ = {isa = PBXBuildFile; fileRef = 503D62D813257D92007772CA /* Cocoa.framework */; };
		503D62E313257D92007772CA /* InfoPlist.strings in Resources */ = {isa = PBXBuildFile; fileRef = 503D62E113257D92007772CA /* InfoPlist.strings */; };
		503D62E613257D92007772CA /* main.m in Sources */ = {isa = PBXBuildFile; fileRef = 503D62E513257D92007772CA /* main.m */; };
		503D62E913257D92007772CA /* Credits.rtf in Resources */ = {isa = PBXBuildFile; fileRef = 503D62E713257D92007772CA /* Credits.rtf */; };
		503D62EC13257D92007772CA /* VivaAppDelegate.m in Sources */ = {isa = PBXBuildFile; fileRef = 503D62EB13257D92007772CA /* VivaAppDelegate.m */; };
		503D630513257F28007772CA /* MainMenu.xib in Resources */ = {isa = PBXBuildFile; fileRef = 503D630413257F28007772CA /* MainMenu.xib */; };
		503D630713257F4A007772CA /* local_files.icns in Resources */ = {isa = PBXBuildFile; fileRef = 503D630613257F4A007772CA /* local_files.icns */; };
		503D630913257F5B007772CA /* libspotify_appkey.key in Resources */ = {isa = PBXBuildFile; fileRef = 503D630813257F5B007772CA /* libspotify_appkey.key */; };
		50C7B3BA132E329A0055EDE0 /* PlaylistViewController.m in Sources */ = {isa = PBXBuildFile; fileRef = 50C7B3B8132E329A0055EDE0 /* PlaylistViewController.m */; };
		50C7B3BB132E329A0055EDE0 /* PlaylistViewController.xib in Resources */ = {isa = PBXBuildFile; fileRef = 50C7B3B9132E329A0055EDE0 /* PlaylistViewController.xib */; };
		50C7B3BE132E36DA0055EDE0 /* MainWindowController.m in Sources */ = {isa = PBXBuildFile; fileRef = 50C7B3BD132E36D90055EDE0 /* MainWindowController.m */; };
		50E65EBC13258D3E00E66AFA /* CocoaLibSpotify.framework in CopyFiles */ = {isa = PBXBuildFile; fileRef = 50E65EBB13258D3E00E66AFA /* CocoaLibSpotify.framework */; };
		50E65EBD13258D9300E66AFA /* CocoaLibSpotify.framework in Frameworks */ = {isa = PBXBuildFile; fileRef = 50E65EBB13258D3E00E66AFA /* CocoaLibSpotify.framework */; };
/* End PBXBuildFile section */

/* Begin PBXContainerItemProxy section */
		50E65EA3132585AF00E66AFA /* PBXContainerItemProxy */ = {
			isa = PBXContainerItemProxy;
			containerPortal = 50E65E9C132585AF00E66AFA /* CocoaLibSpotify.xcodeproj */;
			proxyType = 2;
			remoteGlobalIDString = 503D630F13258041007772CA;
			remoteInfo = CocoaLibSpotify;
		};
/* End PBXContainerItemProxy section */

/* Begin PBXCopyFilesBuildPhase section */
		50E65EA8132585D000E66AFA /* CopyFiles */ = {
			isa = PBXCopyFilesBuildPhase;
			buildActionMask = 2147483647;
			dstPath = "";
			dstSubfolderSpec = 10;
			files = (
				50E65EBC13258D3E00E66AFA /* CocoaLibSpotify.framework in CopyFiles */,
			);
			runOnlyForDeploymentPostprocessing = 0;
		};
/* End PBXCopyFilesBuildPhase section */

/* Begin PBXFileReference section */
		503D62D413257D92007772CA /* Viva.app */ = {isa = PBXFileReference; explicitFileType = wrapper.application; includeInIndex = 0; path = Viva.app; sourceTree = BUILT_PRODUCTS_DIR; };
		503D62D813257D92007772CA /* Cocoa.framework */ = {isa = PBXFileReference; lastKnownFileType = wrapper.framework; name = Cocoa.framework; path = System/Library/Frameworks/Cocoa.framework; sourceTree = SDKROOT; };
		503D62DB13257D92007772CA /* AppKit.framework */ = {isa = PBXFileReference; lastKnownFileType = wrapper.framework; name = AppKit.framework; path = System/Library/Frameworks/AppKit.framework; sourceTree = SDKROOT; };
		503D62DC13257D92007772CA /* CoreData.framework */ = {isa = PBXFileReference; lastKnownFileType = wrapper.framework; name = CoreData.framework; path = System/Library/Frameworks/CoreData.framework; sourceTree = SDKROOT; };
		503D62DD13257D92007772CA /* Foundation.framework */ = {isa = PBXFileReference; lastKnownFileType = wrapper.framework; name = Foundation.framework; path = System/Library/Frameworks/Foundation.framework; sourceTree = SDKROOT; };
		503D62E013257D92007772CA /* Viva-Info.plist */ = {isa = PBXFileReference; lastKnownFileType = text.plist.xml; path = "Viva-Info.plist"; sourceTree = "<group>"; };
		503D62E213257D92007772CA /* en */ = {isa = PBXFileReference; lastKnownFileType = text.plist.strings; name = en; path = en.lproj/InfoPlist.strings; sourceTree = "<group>"; };
		503D62E413257D92007772CA /* Viva-Prefix.pch */ = {isa = PBXFileReference; lastKnownFileType = sourcecode.c.h; path = "Viva-Prefix.pch"; sourceTree = "<group>"; };
		503D62E513257D92007772CA /* main.m */ = {isa = PBXFileReference; lastKnownFileType = sourcecode.c.objc; path = main.m; sourceTree = "<group>"; };
		503D62E813257D92007772CA /* en */ = {isa = PBXFileReference; lastKnownFileType = text.rtf; name = en; path = en.lproj/Credits.rtf; sourceTree = "<group>"; };
		503D62EB13257D92007772CA /* VivaAppDelegate.m */ = {isa = PBXFileReference; lastKnownFileType = sourcecode.c.objc; path = VivaAppDelegate.m; sourceTree = "<group>"; };
		503D630413257F28007772CA /* MainMenu.xib */ = {isa = PBXFileReference; fileEncoding = 4; lastKnownFileType = file.xib; path = MainMenu.xib; sourceTree = "<group>"; };
		503D630613257F4A007772CA /* local_files.icns */ = {isa = PBXFileReference; lastKnownFileType = image.icns; path = local_files.icns; sourceTree = "<group>"; };
		503D630813257F5B007772CA /* libspotify_appkey.key */ = {isa = PBXFileReference; lastKnownFileType = file; path = libspotify_appkey.key; sourceTree = "<group>"; };
		50C7B3B7132E329A0055EDE0 /* PlaylistViewController.h */ = {isa = PBXFileReference; fileEncoding = 4; lastKnownFileType = sourcecode.c.h; path = PlaylistViewController.h; sourceTree = "<group>"; };
		50C7B3B8132E329A0055EDE0 /* PlaylistViewController.m */ = {isa = PBXFileReference; fileEncoding = 4; lastKnownFileType = sourcecode.c.objc; path = PlaylistViewController.m; sourceTree = "<group>"; };
		50C7B3B9132E329A0055EDE0 /* PlaylistViewController.xib */ = {isa = PBXFileReference; fileEncoding = 4; lastKnownFileType = file.xib; path = PlaylistViewController.xib; sourceTree = "<group>"; };
		50C7B3BC132E36D90055EDE0 /* MainWindowController.h */ = {isa = PBXFileReference; fileEncoding = 4; lastKnownFileType = sourcecode.c.h; path = MainWindowController.h; sourceTree = "<group>"; };
		50C7B3BD132E36D90055EDE0 /* MainWindowController.m */ = {isa = PBXFileReference; fileEncoding = 4; lastKnownFileType = sourcecode.c.objc; path = MainWindowController.m; sourceTree = "<group>"; };
		50C7B3DD132E398E0055EDE0 /* VivaAppDelegate.h */ = {isa = PBXFileReference; fileEncoding = 4; lastKnownFileType = sourcecode.c.h; path = VivaAppDelegate.h; sourceTree = "<group>"; };
		50E65E9C132585AF00E66AFA /* CocoaLibSpotify.xcodeproj */ = {isa = PBXFileReference; lastKnownFileType = "wrapper.pb-project"; name = CocoaLibSpotify.xcodeproj; path = cocoalibspotify/CocoaLibSpotify.xcodeproj; sourceTree = "<group>"; };
		50E65EBB13258D3E00E66AFA /* CocoaLibSpotify.framework */ = {isa = PBXFileReference; explicitFileType = wrapper.framework; path = CocoaLibSpotify.framework; sourceTree = BUILT_PRODUCTS_DIR; };
/* End PBXFileReference section */

/* Begin PBXFrameworksBuildPhase section */
		503D62D113257D92007772CA /* Frameworks */ = {
			isa = PBXFrameworksBuildPhase;
			buildActionMask = 2147483647;
			files = (
				50E65EBD13258D9300E66AFA /* CocoaLibSpotify.framework in Frameworks */,
				503D62D913257D92007772CA /* Cocoa.framework in Frameworks */,
			);
			runOnlyForDeploymentPostprocessing = 0;
		};
/* End PBXFrameworksBuildPhase section */

/* Begin PBXGroup section */
		503D62C913257D92007772CA = {
			isa = PBXGroup;
			children = (
				50E65E9C132585AF00E66AFA /* CocoaLibSpotify.xcodeproj */,
				503D62DE13257D92007772CA /* Viva */,
				503D62D713257D92007772CA /* Frameworks */,
				503D62D513257D92007772CA /* Products */,
			);
			sourceTree = "<group>";
		};
		503D62D513257D92007772CA /* Products */ = {
			isa = PBXGroup;
			children = (
				503D62D413257D92007772CA /* Viva.app */,
			);
			name = Products;
			sourceTree = "<group>";
		};
		503D62D713257D92007772CA /* Frameworks */ = {
			isa = PBXGroup;
			children = (
				50E65EBB13258D3E00E66AFA /* CocoaLibSpotify.framework */,
				503D62D813257D92007772CA /* Cocoa.framework */,
				503D62DA13257D92007772CA /* Other Frameworks */,
			);
			name = Frameworks;
			sourceTree = "<group>";
		};
		503D62DA13257D92007772CA /* Other Frameworks */ = {
			isa = PBXGroup;
			children = (
				503D62DB13257D92007772CA /* AppKit.framework */,
				503D62DC13257D92007772CA /* CoreData.framework */,
				503D62DD13257D92007772CA /* Foundation.framework */,
			);
			name = "Other Frameworks";
			sourceTree = "<group>";
		};
		503D62DE13257D92007772CA /* Viva */ = {
			isa = PBXGroup;
			children = (
				50C7B3BC132E36D90055EDE0 /* MainWindowController.h */,
				50C7B3BD132E36D90055EDE0 /* MainWindowController.m */,
				50C7B3B6132E2F5D0055EDE0 /* View Controllers */,
				50C7B3DD132E398E0055EDE0 /* VivaAppDelegate.h */,
				503D62EB13257D92007772CA /* VivaAppDelegate.m */,
				503D630413257F28007772CA /* MainMenu.xib */,
				503D62DF13257D92007772CA /* Supporting Files */,
			);
			path = Viva;
			sourceTree = "<group>";
		};
		503D62DF13257D92007772CA /* Supporting Files */ = {
			isa = PBXGroup;
			children = (
				503D630813257F5B007772CA /* libspotify_appkey.key */,
				503D630613257F4A007772CA /* local_files.icns */,
				503D62E013257D92007772CA /* Viva-Info.plist */,
				503D62E113257D92007772CA /* InfoPlist.strings */,
				503D62E413257D92007772CA /* Viva-Prefix.pch */,
				503D62E513257D92007772CA /* main.m */,
				503D62E713257D92007772CA /* Credits.rtf */,
			);
			name = "Supporting Files";
			sourceTree = "<group>";
		};
		50C7B3B6132E2F5D0055EDE0 /* View Controllers */ = {
			isa = PBXGroup;
			children = (
				50C7B3DC132E39700055EDE0 /* Playlist View */,
			);
			name = "View Controllers";
			sourceTree = "<group>";
		};
		50C7B3DC132E39700055EDE0 /* Playlist View */ = {
			isa = PBXGroup;
			children = (
				50C7B3B7132E329A0055EDE0 /* PlaylistViewController.h */,
				50C7B3B8132E329A0055EDE0 /* PlaylistViewController.m */,
				50C7B3B9132E329A0055EDE0 /* PlaylistViewController.xib */,
			);
			name = "Playlist View";
			sourceTree = "<group>";
		};
		50E65E9D132585AF00E66AFA /* Products */ = {
			isa = PBXGroup;
			children = (
				50E65EA4132585AF00E66AFA /* CocoaLibSpotify.framework */,
			);
			name = Products;
			sourceTree = "<group>";
		};
/* End PBXGroup section */

/* Begin PBXNativeTarget section */
		503D62D313257D92007772CA /* Viva */ = {
			isa = PBXNativeTarget;
			buildConfigurationList = 503D62F213257D92007772CA /* Build configuration list for PBXNativeTarget "Viva" */;
			buildPhases = (
				503D62D013257D92007772CA /* Sources */,
				503D62D113257D92007772CA /* Frameworks */,
				503D62D213257D92007772CA /* Resources */,
				50E65EA8132585D000E66AFA /* CopyFiles */,
			);
			buildRules = (
			);
			dependencies = (
			);
			name = Viva;
			productName = Viva;
			productReference = 503D62D413257D92007772CA /* Viva.app */;
			productType = "com.apple.product-type.application";
		};
/* End PBXNativeTarget section */

/* Begin PBXProject section */
		503D62CB13257D92007772CA /* Project object */ = {
			isa = PBXProject;
			buildConfigurationList = 503D62CE13257D92007772CA /* Build configuration list for PBXProject "Viva" */;
			compatibilityVersion = "Xcode 3.2";
			developmentRegion = English;
			hasScannedForEncodings = 0;
			knownRegions = (
				en,
			);
			mainGroup = 503D62C913257D92007772CA;
			productRefGroup = 503D62D513257D92007772CA /* Products */;
			projectDirPath = "";
			projectReferences = (
				{
					ProductGroup = 50E65E9D132585AF00E66AFA /* Products */;
					ProjectRef = 50E65E9C132585AF00E66AFA /* CocoaLibSpotify.xcodeproj */;
				},
			);
			projectRoot = "";
			targets = (
				503D62D313257D92007772CA /* Viva */,
			);
		};
/* End PBXProject section */

/* Begin PBXReferenceProxy section */
		50E65EA4132585AF00E66AFA /* CocoaLibSpotify.framework */ = {
			isa = PBXReferenceProxy;
			fileType = wrapper.framework;
			path = CocoaLibSpotify.framework;
			remoteRef = 50E65EA3132585AF00E66AFA /* PBXContainerItemProxy */;
			sourceTree = BUILT_PRODUCTS_DIR;
		};
/* End PBXReferenceProxy section */

/* Begin PBXResourcesBuildPhase section */
		503D62D213257D92007772CA /* Resources */ = {
			isa = PBXResourcesBuildPhase;
			buildActionMask = 2147483647;
			files = (
				503D62E313257D92007772CA /* InfoPlist.strings in Resources */,
				503D62E913257D92007772CA /* Credits.rtf in Resources */,
				503D630513257F28007772CA /* MainMenu.xib in Resources */,
				503D630713257F4A007772CA /* local_files.icns in Resources */,
				503D630913257F5B007772CA /* libspotify_appkey.key in Resources */,
				50C7B3BB132E329A0055EDE0 /* PlaylistViewController.xib in Resources */,
			);
			runOnlyForDeploymentPostprocessing = 0;
		};
/* End PBXResourcesBuildPhase section */

/* Begin PBXSourcesBuildPhase section */
		503D62D013257D92007772CA /* Sources */ = {
			isa = PBXSourcesBuildPhase;
			buildActionMask = 2147483647;
			files = (
				503D62E613257D92007772CA /* main.m in Sources */,
				503D62EC13257D92007772CA /* VivaAppDelegate.m in Sources */,
				50C7B3BA132E329A0055EDE0 /* PlaylistViewController.m in Sources */,
				50C7B3BE132E36DA0055EDE0 /* MainWindowController.m in Sources */,
			);
			runOnlyForDeploymentPostprocessing = 0;
		};
/* End PBXSourcesBuildPhase section */

/* Begin PBXVariantGroup section */
		503D62E113257D92007772CA /* InfoPlist.strings */ = {
			isa = PBXVariantGroup;
			children = (
				503D62E213257D92007772CA /* en */,
			);
			name = InfoPlist.strings;
			sourceTree = "<group>";
		};
		503D62E713257D92007772CA /* Credits.rtf */ = {
			isa = PBXVariantGroup;
			children = (
				503D62E813257D92007772CA /* en */,
			);
			name = Credits.rtf;
			sourceTree = "<group>";
		};
/* End PBXVariantGroup section */

/* Begin XCBuildConfiguration section */
		503D62F013257D92007772CA /* Debug */ = {
			isa = XCBuildConfiguration;
			buildSettings = {
				ARCHS = "$(ARCHS_STANDARD_64_BIT)";
				FRAMEWORK_SEARCH_PATHS = "";
				GCC_C_LANGUAGE_STANDARD = gnu99;
				GCC_ENABLE_OBJC_GC = unsupported;
				GCC_OPTIMIZATION_LEVEL = 0;
				GCC_PREPROCESSOR_DEFINITIONS = DEBUG;
				GCC_SYMBOLS_PRIVATE_EXTERN = NO;
				GCC_VERSION = com.apple.compilers.llvm.clang.1_0;
				GCC_WARN_64_TO_32_BIT_CONVERSION = YES;
				GCC_WARN_ABOUT_RETURN_TYPE = YES;
				GCC_WARN_UNUSED_VARIABLE = YES;
				HEADER_SEARCH_PATHS = "";
				LD_RUNPATH_SEARCH_PATHS = "@loader_path/../Frameworks";
				MACOSX_DEPLOYMENT_TARGET = 10.6;
				ONLY_ACTIVE_ARCH = YES;
				SDKROOT = macosx;
				USER_HEADER_SEARCH_PATHS = "";
			};
			name = Debug;
		};
		503D62F113257D92007772CA /* Release */ = {
			isa = XCBuildConfiguration;
			buildSettings = {
				ARCHS = "$(ARCHS_STANDARD_64_BIT)";
				FRAMEWORK_SEARCH_PATHS = "";
				GCC_C_LANGUAGE_STANDARD = gnu99;
				GCC_ENABLE_OBJC_GC = unsupported;
				GCC_VERSION = com.apple.compilers.llvm.clang.1_0;
				GCC_WARN_64_TO_32_BIT_CONVERSION = YES;
				GCC_WARN_ABOUT_RETURN_TYPE = YES;
				GCC_WARN_UNUSED_VARIABLE = YES;
				HEADER_SEARCH_PATHS = "";
				LD_RUNPATH_SEARCH_PATHS = "@loader_path/../Frameworks";
				MACOSX_DEPLOYMENT_TARGET = 10.6;
				SDKROOT = macosx;
				USER_HEADER_SEARCH_PATHS = "";
			};
			name = Release;
		};
		503D62F313257D92007772CA /* Debug */ = {
			isa = XCBuildConfiguration;
			buildSettings = {
				ALWAYS_SEARCH_USER_PATHS = NO;
				COPY_PHASE_STRIP = NO;
				FRAMEWORK_SEARCH_PATHS = (
					"$(inherited)",
					"\"$(SRCROOT)\"",
					"\"$(SRCROOT)/cocoalibspotify\"",
				);
				GCC_DYNAMIC_NO_PIC = NO;
				GCC_ENABLE_OBJC_EXCEPTIONS = YES;
				GCC_PRECOMPILE_PREFIX_HEADER = YES;
				GCC_PREFIX_HEADER = "Viva/Viva-Prefix.pch";
				INFOPLIST_FILE = "Viva/Viva-Info.plist";
				PRODUCT_NAME = "$(TARGET_NAME)";
				WRAPPER_EXTENSION = app;
			};
			name = Debug;
		};
		503D62F413257D92007772CA /* Release */ = {
			isa = XCBuildConfiguration;
			buildSettings = {
				ALWAYS_SEARCH_USER_PATHS = NO;
				COPY_PHASE_STRIP = YES;
				DEBUG_INFORMATION_FORMAT = "dwarf-with-dsym";
				FRAMEWORK_SEARCH_PATHS = (
					"$(inherited)",
					"\"$(SRCROOT)\"",
					"\"$(SRCROOT)/cocoalibspotify\"",
				);
				GCC_ENABLE_OBJC_EXCEPTIONS = YES;
				GCC_PRECOMPILE_PREFIX_HEADER = YES;
				GCC_PREFIX_HEADER = "Viva/Viva-Prefix.pch";
				INFOPLIST_FILE = "Viva/Viva-Info.plist";
				PRODUCT_NAME = "$(TARGET_NAME)";
				WRAPPER_EXTENSION = app;
			};
			name = Release;
		};
/* End XCBuildConfiguration section */

/* Begin XCConfigurationList section */
		503D62CE13257D92007772CA /* Build configuration list for PBXProject "Viva" */ = {
			isa = XCConfigurationList;
			buildConfigurations = (
				503D62F013257D92007772CA /* Debug */,
				503D62F113257D92007772CA /* Release */,
			);
			defaultConfigurationIsVisible = 0;
			defaultConfigurationName = Release;
		};
		503D62F213257D92007772CA /* Build configuration list for PBXNativeTarget "Viva" */ = {
			isa = XCConfigurationList;
			buildConfigurations = (
				503D62F313257D92007772CA /* Debug */,
				503D62F413257D92007772CA /* Release */,
			);
			defaultConfigurationIsVisible = 0;
			defaultConfigurationName = Release;
		};
/* End XCConfigurationList section */
	};
	rootObject = 503D62CB13257D92007772CA /* Project object */;
}
