// !$*UTF8*$!
{
	archiveVersion = 1;
	classes = {
	};
	objectVersion = 46;
	objects = {

/* Begin PBXBuildFile section */
		5004B3C4133E06810098C7B4 /* VivaInternalURLManager.m in Sources */ = {isa = PBXBuildFile; fileRef = 5004B3C3133E06810098C7B4 /* VivaInternalURLManager.m */; };
		503D62D913257D92007772CA /* Cocoa.framework in Frameworks */ = {isa = PBXBuildFile; fileRef = 503D62D813257D92007772CA /* Cocoa.framework */; };
		503D62E313257D92007772CA /* InfoPlist.strings in Resources */ = {isa = PBXBuildFile; fileRef = 503D62E113257D92007772CA /* InfoPlist.strings */; };
		503D62E613257D92007772CA /* main.m in Sources */ = {isa = PBXBuildFile; fileRef = 503D62E513257D92007772CA /* main.m */; };
		503D62E913257D92007772CA /* Credits.rtf in Resources */ = {isa = PBXBuildFile; fileRef = 503D62E713257D92007772CA /* Credits.rtf */; };
		503D62EC13257D92007772CA /* VivaAppDelegate.m in Sources */ = {isa = PBXBuildFile; fileRef = 503D62EB13257D92007772CA /* VivaAppDelegate.m */; };
		503D630513257F28007772CA /* MainMenu.xib in Resources */ = {isa = PBXBuildFile; fileRef = 503D630413257F28007772CA /* MainMenu.xib */; };
		503D630713257F4A007772CA /* local_files.icns in Resources */ = {isa = PBXBuildFile; fileRef = 503D630613257F4A007772CA /* local_files.icns */; };
		503D630913257F5B007772CA /* libspotify_appkey.key in Resources */ = {isa = PBXBuildFile; fileRef = 503D630813257F5B007772CA /* libspotify_appkey.key */; };
		50842E4D133A3B1E00528555 /* meeter-filled-left.png in Resources */ = {isa = PBXBuildFile; fileRef = 50842E4A133A3B1E00528555 /* meeter-filled-left.png */; };
		50842E4E133A3B1E00528555 /* meeter-filled-middle.png in Resources */ = {isa = PBXBuildFile; fileRef = 50842E4B133A3B1E00528555 /* meeter-filled-middle.png */; };
		50842E4F133A3B1E00528555 /* meeter-filled-right.png in Resources */ = {isa = PBXBuildFile; fileRef = 50842E4C133A3B1E00528555 /* meeter-filled-right.png */; };
		50842E52133A43B100528555 /* SPVolumeSliderCell.m in Sources */ = {isa = PBXBuildFile; fileRef = 50842E51133A43B100528555 /* SPVolumeSliderCell.m */; };
		509AAEBE1339097C0009B6EE /* bg.png in Resources */ = {isa = PBXBuildFile; fileRef = 509AAE9D1339097C0009B6EE /* bg.png */; };
		509AAEBF1339097C0009B6EE /* meeter-filled.png in Resources */ = {isa = PBXBuildFile; fileRef = 509AAE9E1339097C0009B6EE /* meeter-filled.png */; };
		509AAEC01339097C0009B6EE /* meeter.png in Resources */ = {isa = PBXBuildFile; fileRef = 509AAE9F1339097C0009B6EE /* meeter.png */; };
		509AAEC11339097C0009B6EE /* next-pushed.png in Resources */ = {isa = PBXBuildFile; fileRef = 509AAEA01339097C0009B6EE /* next-pushed.png */; };
		509AAEC21339097C0009B6EE /* next.png in Resources */ = {isa = PBXBuildFile; fileRef = 509AAEA11339097C0009B6EE /* next.png */; };
		509AAEC31339097C0009B6EE /* pause-pushed.png in Resources */ = {isa = PBXBuildFile; fileRef = 509AAEA21339097C0009B6EE /* pause-pushed.png */; };
		509AAEC41339097C0009B6EE /* pause.png in Resources */ = {isa = PBXBuildFile; fileRef = 509AAEA31339097C0009B6EE /* pause.png */; };
		509AAEC51339097C0009B6EE /* play-pushed.png in Resources */ = {isa = PBXBuildFile; fileRef = 509AAEA41339097C0009B6EE /* play-pushed.png */; };
		509AAEC61339097C0009B6EE /* play.png in Resources */ = {isa = PBXBuildFile; fileRef = 509AAEA51339097C0009B6EE /* play.png */; };
		509AAEC71339097C0009B6EE /* prev-pushed.png in Resources */ = {isa = PBXBuildFile; fileRef = 509AAEA61339097C0009B6EE /* prev-pushed.png */; };
		509AAEC81339097C0009B6EE /* prev.png in Resources */ = {isa = PBXBuildFile; fileRef = 509AAEA71339097C0009B6EE /* prev.png */; };
		509AAEC91339097C0009B6EE /* repeat-off-pushed.png in Resources */ = {isa = PBXBuildFile; fileRef = 509AAEA81339097C0009B6EE /* repeat-off-pushed.png */; };
		509AAECA1339097C0009B6EE /* repeat-off.png in Resources */ = {isa = PBXBuildFile; fileRef = 509AAEA91339097C0009B6EE /* repeat-off.png */; };
		509AAECB1339097C0009B6EE /* repeat-on-pushed.png in Resources */ = {isa = PBXBuildFile; fileRef = 509AAEAA1339097C0009B6EE /* repeat-on-pushed.png */; };
		509AAECC1339097C0009B6EE /* repeat-on.png in Resources */ = {isa = PBXBuildFile; fileRef = 509AAEAB1339097C0009B6EE /* repeat-on.png */; };
		509AAECD1339097C0009B6EE /* shuffle-off-pushed.png in Resources */ = {isa = PBXBuildFile; fileRef = 509AAEAC1339097C0009B6EE /* shuffle-off-pushed.png */; };
		509AAECE1339097C0009B6EE /* shuffle-off.png in Resources */ = {isa = PBXBuildFile; fileRef = 509AAEAD1339097C0009B6EE /* shuffle-off.png */; };
		509AAECF1339097C0009B6EE /* shuffle-on-pushed.png in Resources */ = {isa = PBXBuildFile; fileRef = 509AAEAE1339097C0009B6EE /* shuffle-on-pushed.png */; };
		509AAED01339097C0009B6EE /* shuffle-on.png in Resources */ = {isa = PBXBuildFile; fileRef = 509AAEAF1339097C0009B6EE /* shuffle-on.png */; };
		509AAED11339097C0009B6EE /* split.png in Resources */ = {isa = PBXBuildFile; fileRef = 509AAEB01339097C0009B6EE /* split.png */; };
		509AAED21339097C0009B6EE /* star-pushed.png in Resources */ = {isa = PBXBuildFile; fileRef = 509AAEB11339097C0009B6EE /* star-pushed.png */; };
		509AAED31339097C0009B6EE /* star.png in Resources */ = {isa = PBXBuildFile; fileRef = 509AAEB21339097C0009B6EE /* star.png */; };
		509AAED41339097C0009B6EE /* starred-pushed.png in Resources */ = {isa = PBXBuildFile; fileRef = 509AAEB31339097C0009B6EE /* starred-pushed.png */; };
		509AAED51339097C0009B6EE /* starred.png in Resources */ = {isa = PBXBuildFile; fileRef = 509AAEB41339097C0009B6EE /* starred.png */; };
		509AAED61339097C0009B6EE /* trackball-pushed.png in Resources */ = {isa = PBXBuildFile; fileRef = 509AAEB51339097C0009B6EE /* trackball-pushed.png */; };
		509AAED71339097C0009B6EE /* trackball.png in Resources */ = {isa = PBXBuildFile; fileRef = 509AAEB61339097C0009B6EE /* trackball.png */; };
		509AAED81339097C0009B6EE /* volume.png in Resources */ = {isa = PBXBuildFile; fileRef = 509AAEB71339097C0009B6EE /* volume.png */; };
		509AAED91339097C0009B6EE /* volumeball-pushed.png in Resources */ = {isa = PBXBuildFile; fileRef = 509AAEB81339097C0009B6EE /* volumeball-pushed.png */; };
		509AAEDA1339097C0009B6EE /* volumeball.png in Resources */ = {isa = PBXBuildFile; fileRef = 509AAEB91339097C0009B6EE /* volumeball.png */; };
		509AAEDB1339097C0009B6EE /* share.png in Resources */ = {isa = PBXBuildFile; fileRef = 509AAEBB1339097C0009B6EE /* share.png */; };
		509AAEDC1339097C0009B6EE /* sortbar-split.png in Resources */ = {isa = PBXBuildFile; fileRef = 509AAEBC1339097C0009B6EE /* sortbar-split.png */; };
		509AAEDD1339097C0009B6EE /* sortbar.png in Resources */ = {isa = PBXBuildFile; fileRef = 509AAEBD1339097C0009B6EE /* sortbar.png */; };
		509AAEE113390C390009B6EE /* SPTableHeaderCell.m in Sources */ = {isa = PBXBuildFile; fileRef = 509AAEE013390C390009B6EE /* SPTableHeaderCell.m */; };
		509AAEE6133913370009B6EE /* SPSplitView.m in Sources */ = {isa = PBXBuildFile; fileRef = 509AAEE5133913370009B6EE /* SPSplitView.m */; };
		509AAEEB133916190009B6EE /* FooterViewController.m in Sources */ = {isa = PBXBuildFile; fileRef = 509AAEE9133916190009B6EE /* FooterViewController.m */; };
		509AAEEC133916190009B6EE /* FooterViewController.xib in Resources */ = {isa = PBXBuildFile; fileRef = 509AAEEA133916190009B6EE /* FooterViewController.xib */; };
		50C56A3313393AA50072A754 /* SPTableCorner.m in Sources */ = {isa = PBXBuildFile; fileRef = 50C56A3213393AA50072A754 /* SPTableCorner.m */; };
		50C56A3613393D890072A754 /* ImageAndTextCell.m in Sources */ = {isa = PBXBuildFile; fileRef = 50C56A3513393D890072A754 /* ImageAndTextCell.m */; };
		50C56A401339446E0072A754 /* VivaPlaylistExtensions.m in Sources */ = {isa = PBXBuildFile; fileRef = 50C56A3F1339446E0072A754 /* VivaPlaylistExtensions.m */; };
		50C7B3BA132E329A0055EDE0 /* PlaylistViewController.m in Sources */ = {isa = PBXBuildFile; fileRef = 50C7B3B8132E329A0055EDE0 /* PlaylistViewController.m */; };
		50C7B3BB132E329A0055EDE0 /* PlaylistViewController.xib in Resources */ = {isa = PBXBuildFile; fileRef = 50C7B3B9132E329A0055EDE0 /* PlaylistViewController.xib */; };
		50C7B3BE132E36DA0055EDE0 /* MainWindowController.m in Sources */ = {isa = PBXBuildFile; fileRef = 50C7B3BD132E36D90055EDE0 /* MainWindowController.m */; };
		50DD06B2133A339800CDE1C1 /* SPProgressSliderCell.m in Sources */ = {isa = PBXBuildFile; fileRef = 50DD06B1133A339800CDE1C1 /* SPProgressSliderCell.m */; };
		50DD06B6133A396300CDE1C1 /* meeter-left.png in Resources */ = {isa = PBXBuildFile; fileRef = 50DD06B3133A396300CDE1C1 /* meeter-left.png */; };
		50DD06B7133A396300CDE1C1 /* meeter-middle.png in Resources */ = {isa = PBXBuildFile; fileRef = 50DD06B4133A396300CDE1C1 /* meeter-middle.png */; };
		50DD06B8133A396300CDE1C1 /* meeter-right.png in Resources */ = {isa = PBXBuildFile; fileRef = 50DD06B5133A396300CDE1C1 /* meeter-right.png */; };
		50E65EBC13258D3E00E66AFA /* CocoaLibSpotify.framework in CopyFiles */ = {isa = PBXBuildFile; fileRef = 50E65EBB13258D3E00E66AFA /* CocoaLibSpotify.framework */; };
		50E65EBD13258D9300E66AFA /* CocoaLibSpotify.framework in Frameworks */ = {isa = PBXBuildFile; fileRef = 50E65EBB13258D3E00E66AFA /* CocoaLibSpotify.framework */; };
		50E819CF133926A3000CE44D /* SPBackgroundColorView.m in Sources */ = {isa = PBXBuildFile; fileRef = 50E819CE133926A3000CE44D /* SPBackgroundColorView.m */; };
/* End PBXBuildFile section */

/* Begin PBXContainerItemProxy section */
		50E65EA3132585AF00E66AFA /* PBXContainerItemProxy */ = {
			isa = PBXContainerItemProxy;
			containerPortal = 50E65E9C132585AF00E66AFA /* CocoaLibSpotify.xcodeproj */;
			proxyType = 2;
			remoteGlobalIDString = 503D630F13258041007772CA;
			remoteInfo = CocoaLibSpotify;
		};
/* End PBXContainerItemProxy section */

/* Begin PBXCopyFilesBuildPhase section */
		50E65EA8132585D000E66AFA /* CopyFiles */ = {
			isa = PBXCopyFilesBuildPhase;
			buildActionMask = 2147483647;
			dstPath = "";
			dstSubfolderSpec = 10;
			files = (
				50E65EBC13258D3E00E66AFA /* CocoaLibSpotify.framework in CopyFiles */,
			);
			runOnlyForDeploymentPostprocessing = 0;
		};
/* End PBXCopyFilesBuildPhase section */

/* Begin PBXFileReference section */
		5004B3C2133E06810098C7B4 /* VivaInternalURLManager.h */ = {isa = PBXFileReference; fileEncoding = 4; lastKnownFileType = sourcecode.c.h; path = VivaInternalURLManager.h; sourceTree = "<group>"; };
		5004B3C3133E06810098C7B4 /* VivaInternalURLManager.m */ = {isa = PBXFileReference; fileEncoding = 4; lastKnownFileType = sourcecode.c.objc; path = VivaInternalURLManager.m; sourceTree = "<group>"; };
		503D62D413257D92007772CA /* Viva.app */ = {isa = PBXFileReference; explicitFileType = wrapper.application; includeInIndex = 0; path = Viva.app; sourceTree = BUILT_PRODUCTS_DIR; };
		503D62D813257D92007772CA /* Cocoa.framework */ = {isa = PBXFileReference; lastKnownFileType = wrapper.framework; name = Cocoa.framework; path = System/Library/Frameworks/Cocoa.framework; sourceTree = SDKROOT; };
		503D62DB13257D92007772CA /* AppKit.framework */ = {isa = PBXFileReference; lastKnownFileType = wrapper.framework; name = AppKit.framework; path = System/Library/Frameworks/AppKit.framework; sourceTree = SDKROOT; };
		503D62DC13257D92007772CA /* CoreData.framework */ = {isa = PBXFileReference; lastKnownFileType = wrapper.framework; name = CoreData.framework; path = System/Library/Frameworks/CoreData.framework; sourceTree = SDKROOT; };
		503D62DD13257D92007772CA /* Foundation.framework */ = {isa = PBXFileReference; lastKnownFileType = wrapper.framework; name = Foundation.framework; path = System/Library/Frameworks/Foundation.framework; sourceTree = SDKROOT; };
		503D62E013257D92007772CA /* Viva-Info.plist */ = {isa = PBXFileReference; lastKnownFileType = text.plist.xml; path = "Viva-Info.plist"; sourceTree = "<group>"; };
		503D62E213257D92007772CA /* en */ = {isa = PBXFileReference; lastKnownFileType = text.plist.strings; name = en; path = en.lproj/InfoPlist.strings; sourceTree = "<group>"; };
		503D62E413257D92007772CA /* Viva-Prefix.pch */ = {isa = PBXFileReference; lastKnownFileType = sourcecode.c.h; path = "Viva-Prefix.pch"; sourceTree = "<group>"; };
		503D62E513257D92007772CA /* main.m */ = {isa = PBXFileReference; lastKnownFileType = sourcecode.c.objc; path = main.m; sourceTree = "<group>"; };
		503D62E813257D92007772CA /* en */ = {isa = PBXFileReference; lastKnownFileType = text.rtf; name = en; path = en.lproj/Credits.rtf; sourceTree = "<group>"; };
		503D62EB13257D92007772CA /* VivaAppDelegate.m */ = {isa = PBXFileReference; lastKnownFileType = sourcecode.c.objc; path = VivaAppDelegate.m; sourceTree = "<group>"; };
		503D630413257F28007772CA /* MainMenu.xib */ = {isa = PBXFileReference; fileEncoding = 4; lastKnownFileType = file.xib; path = MainMenu.xib; sourceTree = "<group>"; };
		503D630613257F4A007772CA /* local_files.icns */ = {isa = PBXFileReference; lastKnownFileType = image.icns; path = local_files.icns; sourceTree = "<group>"; };
		503D630813257F5B007772CA /* libspotify_appkey.key */ = {isa = PBXFileReference; lastKnownFileType = file; path = libspotify_appkey.key; sourceTree = "<group>"; };
		50842E4A133A3B1E00528555 /* meeter-filled-left.png */ = {isa = PBXFileReference; lastKnownFileType = image.png; path = "meeter-filled-left.png"; sourceTree = "<group>"; };
		50842E4B133A3B1E00528555 /* meeter-filled-middle.png */ = {isa = PBXFileReference; lastKnownFileType = image.png; path = "meeter-filled-middle.png"; sourceTree = "<group>"; };
		50842E4C133A3B1E00528555 /* meeter-filled-right.png */ = {isa = PBXFileReference; lastKnownFileType = image.png; path = "meeter-filled-right.png"; sourceTree = "<group>"; };
		50842E50133A43B100528555 /* SPVolumeSliderCell.h */ = {isa = PBXFileReference; fileEncoding = 4; lastKnownFileType = sourcecode.c.h; name = SPVolumeSliderCell.h; path = "Custom Controls/SPVolumeSliderCell.h"; sourceTree = "<group>"; };
		50842E51133A43B100528555 /* SPVolumeSliderCell.m */ = {isa = PBXFileReference; fileEncoding = 4; lastKnownFileType = sourcecode.c.objc; name = SPVolumeSliderCell.m; path = "Custom Controls/SPVolumeSliderCell.m"; sourceTree = "<group>"; };
		509AAE9D1339097C0009B6EE /* bg.png */ = {isa = PBXFileReference; lastKnownFileType = image.png; path = bg.png; sourceTree = "<group>"; };
		509AAE9E1339097C0009B6EE /* meeter-filled.png */ = {isa = PBXFileReference; lastKnownFileType = image.png; path = "meeter-filled.png"; sourceTree = "<group>"; };
		509AAE9F1339097C0009B6EE /* meeter.png */ = {isa = PBXFileReference; lastKnownFileType = image.png; path = meeter.png; sourceTree = "<group>"; };
		509AAEA01339097C0009B6EE /* next-pushed.png */ = {isa = PBXFileReference; lastKnownFileType = image.png; path = "next-pushed.png"; sourceTree = "<group>"; };
		509AAEA11339097C0009B6EE /* next.png */ = {isa = PBXFileReference; lastKnownFileType = image.png; path = next.png; sourceTree = "<group>"; };
		509AAEA21339097C0009B6EE /* pause-pushed.png */ = {isa = PBXFileReference; lastKnownFileType = image.png; path = "pause-pushed.png"; sourceTree = "<group>"; };
		509AAEA31339097C0009B6EE /* pause.png */ = {isa = PBXFileReference; lastKnownFileType = image.png; path = pause.png; sourceTree = "<group>"; };
		509AAEA41339097C0009B6EE /* play-pushed.png */ = {isa = PBXFileReference; lastKnownFileType = image.png; path = "play-pushed.png"; sourceTree = "<group>"; };
		509AAEA51339097C0009B6EE /* play.png */ = {isa = PBXFileReference; lastKnownFileType = image.png; path = play.png; sourceTree = "<group>"; };
		509AAEA61339097C0009B6EE /* prev-pushed.png */ = {isa = PBXFileReference; lastKnownFileType = image.png; path = "prev-pushed.png"; sourceTree = "<group>"; };
		509AAEA71339097C0009B6EE /* prev.png */ = {isa = PBXFileReference; lastKnownFileType = image.png; path = prev.png; sourceTree = "<group>"; };
		509AAEA81339097C0009B6EE /* repeat-off-pushed.png */ = {isa = PBXFileReference; lastKnownFileType = image.png; path = "repeat-off-pushed.png"; sourceTree = "<group>"; };
		509AAEA91339097C0009B6EE /* repeat-off.png */ = {isa = PBXFileReference; lastKnownFileType = image.png; path = "repeat-off.png"; sourceTree = "<group>"; };
		509AAEAA1339097C0009B6EE /* repeat-on-pushed.png */ = {isa = PBXFileReference; lastKnownFileType = image.png; path = "repeat-on-pushed.png"; sourceTree = "<group>"; };
		509AAEAB1339097C0009B6EE /* repeat-on.png */ = {isa = PBXFileReference; lastKnownFileType = image.png; path = "repeat-on.png"; sourceTree = "<group>"; };
		509AAEAC1339097C0009B6EE /* shuffle-off-pushed.png */ = {isa = PBXFileReference; lastKnownFileType = image.png; path = "shuffle-off-pushed.png"; sourceTree = "<group>"; };
		509AAEAD1339097C0009B6EE /* shuffle-off.png */ = {isa = PBXFileReference; lastKnownFileType = image.png; path = "shuffle-off.png"; sourceTree = "<group>"; };
		509AAEAE1339097C0009B6EE /* shuffle-on-pushed.png */ = {isa = PBXFileReference; lastKnownFileType = image.png; path = "shuffle-on-pushed.png"; sourceTree = "<group>"; };
		509AAEAF1339097C0009B6EE /* shuffle-on.png */ = {isa = PBXFileReference; lastKnownFileType = image.png; path = "shuffle-on.png"; sourceTree = "<group>"; };
		509AAEB01339097C0009B6EE /* split.png */ = {isa = PBXFileReference; lastKnownFileType = image.png; path = split.png; sourceTree = "<group>"; };
		509AAEB11339097C0009B6EE /* star-pushed.png */ = {isa = PBXFileReference; lastKnownFileType = image.png; path = "star-pushed.png"; sourceTree = "<group>"; };
		509AAEB21339097C0009B6EE /* star.png */ = {isa = PBXFileReference; lastKnownFileType = image.png; path = star.png; sourceTree = "<group>"; };
		509AAEB31339097C0009B6EE /* starred-pushed.png */ = {isa = PBXFileReference; lastKnownFileType = image.png; path = "starred-pushed.png"; sourceTree = "<group>"; };
		509AAEB41339097C0009B6EE /* starred.png */ = {isa = PBXFileReference; lastKnownFileType = image.png; path = starred.png; sourceTree = "<group>"; };
		509AAEB51339097C0009B6EE /* trackball-pushed.png */ = {isa = PBXFileReference; lastKnownFileType = image.png; path = "trackball-pushed.png"; sourceTree = "<group>"; };
		509AAEB61339097C0009B6EE /* trackball.png */ = {isa = PBXFileReference; lastKnownFileType = image.png; path = trackball.png; sourceTree = "<group>"; };
		509AAEB71339097C0009B6EE /* volume.png */ = {isa = PBXFileReference; lastKnownFileType = image.png; path = volume.png; sourceTree = "<group>"; };
		509AAEB81339097C0009B6EE /* volumeball-pushed.png */ = {isa = PBXFileReference; lastKnownFileType = image.png; path = "volumeball-pushed.png"; sourceTree = "<group>"; };
		509AAEB91339097C0009B6EE /* volumeball.png */ = {isa = PBXFileReference; lastKnownFileType = image.png; path = volumeball.png; sourceTree = "<group>"; };
		509AAEBB1339097C0009B6EE /* share.png */ = {isa = PBXFileReference; lastKnownFileType = image.png; path = share.png; sourceTree = "<group>"; };
		509AAEBC1339097C0009B6EE /* sortbar-split.png */ = {isa = PBXFileReference; lastKnownFileType = image.png; path = "sortbar-split.png"; sourceTree = "<group>"; };
		509AAEBD1339097C0009B6EE /* sortbar.png */ = {isa = PBXFileReference; lastKnownFileType = image.png; path = sortbar.png; sourceTree = "<group>"; };
		509AAEDF13390C390009B6EE /* SPTableHeaderCell.h */ = {isa = PBXFileReference; fileEncoding = 4; lastKnownFileType = sourcecode.c.h; name = SPTableHeaderCell.h; path = "Custom Controls/SPTableHeaderCell.h"; sourceTree = "<group>"; };
		509AAEE013390C390009B6EE /* SPTableHeaderCell.m */ = {isa = PBXFileReference; fileEncoding = 4; lastKnownFileType = sourcecode.c.objc; name = SPTableHeaderCell.m; path = "Custom Controls/SPTableHeaderCell.m"; sourceTree = "<group>"; };
		509AAEE4133913370009B6EE /* SPSplitView.h */ = {isa = PBXFileReference; fileEncoding = 4; lastKnownFileType = sourcecode.c.h; name = SPSplitView.h; path = "Custom Controls/SPSplitView.h"; sourceTree = "<group>"; };
		509AAEE5133913370009B6EE /* SPSplitView.m */ = {isa = PBXFileReference; fileEncoding = 4; lastKnownFileType = sourcecode.c.objc; name = SPSplitView.m; path = "Custom Controls/SPSplitView.m"; sourceTree = "<group>"; };
		509AAEE8133916190009B6EE /* FooterViewController.h */ = {isa = PBXFileReference; fileEncoding = 4; lastKnownFileType = sourcecode.c.h; path = FooterViewController.h; sourceTree = "<group>"; };
		509AAEE9133916190009B6EE /* FooterViewController.m */ = {isa = PBXFileReference; fileEncoding = 4; lastKnownFileType = sourcecode.c.objc; path = FooterViewController.m; sourceTree = "<group>"; };
		509AAEEA133916190009B6EE /* FooterViewController.xib */ = {isa = PBXFileReference; fileEncoding = 4; lastKnownFileType = file.xib; path = FooterViewController.xib; sourceTree = "<group>"; };
		50C56A3113393AA50072A754 /* SPTableCorner.h */ = {isa = PBXFileReference; fileEncoding = 4; lastKnownFileType = sourcecode.c.h; name = SPTableCorner.h; path = "Custom Controls/SPTableCorner.h"; sourceTree = "<group>"; };
		50C56A3213393AA50072A754 /* SPTableCorner.m */ = {isa = PBXFileReference; fileEncoding = 4; lastKnownFileType = sourcecode.c.objc; name = SPTableCorner.m; path = "Custom Controls/SPTableCorner.m"; sourceTree = "<group>"; };
		50C56A3413393D890072A754 /* ImageAndTextCell.h */ = {isa = PBXFileReference; fileEncoding = 4; lastKnownFileType = sourcecode.c.h; name = ImageAndTextCell.h; path = "Custom Controls/ImageAndTextCell.h"; sourceTree = "<group>"; };
		50C56A3513393D890072A754 /* ImageAndTextCell.m */ = {isa = PBXFileReference; fileEncoding = 4; lastKnownFileType = sourcecode.c.objc; name = ImageAndTextCell.m; path = "Custom Controls/ImageAndTextCell.m"; sourceTree = "<group>"; };
		50C56A3E1339446E0072A754 /* VivaPlaylistExtensions.h */ = {isa = PBXFileReference; fileEncoding = 4; lastKnownFileType = sourcecode.c.h; path = VivaPlaylistExtensions.h; sourceTree = "<group>"; };
		50C56A3F1339446E0072A754 /* VivaPlaylistExtensions.m */ = {isa = PBXFileReference; fileEncoding = 4; lastKnownFileType = sourcecode.c.objc; path = VivaPlaylistExtensions.m; sourceTree = "<group>"; };
		50C7B3B7132E329A0055EDE0 /* PlaylistViewController.h */ = {isa = PBXFileReference; fileEncoding = 4; lastKnownFileType = sourcecode.c.h; path = PlaylistViewController.h; sourceTree = "<group>"; };
		50C7B3B8132E329A0055EDE0 /* PlaylistViewController.m */ = {isa = PBXFileReference; fileEncoding = 4; lastKnownFileType = sourcecode.c.objc; path = PlaylistViewController.m; sourceTree = "<group>"; };
		50C7B3B9132E329A0055EDE0 /* PlaylistViewController.xib */ = {isa = PBXFileReference; fileEncoding = 4; lastKnownFileType = file.xib; path = PlaylistViewController.xib; sourceTree = "<group>"; };
		50C7B3BC132E36D90055EDE0 /* MainWindowController.h */ = {isa = PBXFileReference; fileEncoding = 4; lastKnownFileType = sourcecode.c.h; path = MainWindowController.h; sourceTree = "<group>"; };
		50C7B3BD132E36D90055EDE0 /* MainWindowController.m */ = {isa = PBXFileReference; fileEncoding = 4; lastKnownFileType = sourcecode.c.objc; path = MainWindowController.m; sourceTree = "<group>"; };
		50C7B3DD132E398E0055EDE0 /* VivaAppDelegate.h */ = {isa = PBXFileReference; fileEncoding = 4; lastKnownFileType = sourcecode.c.h; path = VivaAppDelegate.h; sourceTree = "<group>"; };
		50DD06B0133A339800CDE1C1 /* SPProgressSliderCell.h */ = {isa = PBXFileReference; fileEncoding = 4; lastKnownFileType = sourcecode.c.h; name = SPProgressSliderCell.h; path = "Custom Controls/SPProgressSliderCell.h"; sourceTree = "<group>"; };
		50DD06B1133A339800CDE1C1 /* SPProgressSliderCell.m */ = {isa = PBXFileReference; fileEncoding = 4; lastKnownFileType = sourcecode.c.objc; name = SPProgressSliderCell.m; path = "Custom Controls/SPProgressSliderCell.m"; sourceTree = "<group>"; };
		50DD06B3133A396300CDE1C1 /* meeter-left.png */ = {isa = PBXFileReference; lastKnownFileType = image.png; path = "meeter-left.png"; sourceTree = "<group>"; };
		50DD06B4133A396300CDE1C1 /* meeter-middle.png */ = {isa = PBXFileReference; lastKnownFileType = image.png; path = "meeter-middle.png"; sourceTree = "<group>"; };
		50DD06B5133A396300CDE1C1 /* meeter-right.png */ = {isa = PBXFileReference; lastKnownFileType = image.png; path = "meeter-right.png"; sourceTree = "<group>"; };
		50E65E9C132585AF00E66AFA /* CocoaLibSpotify.xcodeproj */ = {isa = PBXFileReference; lastKnownFileType = "wrapper.pb-project"; name = CocoaLibSpotify.xcodeproj; path = cocoalibspotify/CocoaLibSpotify.xcodeproj; sourceTree = "<group>"; };
		50E65EBB13258D3E00E66AFA /* CocoaLibSpotify.framework */ = {isa = PBXFileReference; explicitFileType = wrapper.framework; path = CocoaLibSpotify.framework; sourceTree = BUILT_PRODUCTS_DIR; };
		50E819CD133926A3000CE44D /* SPBackgroundColorView.h */ = {isa = PBXFileReference; fileEncoding = 4; lastKnownFileType = sourcecode.c.h; name = SPBackgroundColorView.h; path = "Custom Controls/SPBackgroundColorView.h"; sourceTree = "<group>"; };
		50E819CE133926A3000CE44D /* SPBackgroundColorView.m */ = {isa = PBXFileReference; fileEncoding = 4; lastKnownFileType = sourcecode.c.objc; name = SPBackgroundColorView.m; path = "Custom Controls/SPBackgroundColorView.m"; sourceTree = "<group>"; };
/* End PBXFileReference section */

/* Begin PBXFrameworksBuildPhase section */
		503D62D113257D92007772CA /* Frameworks */ = {
			isa = PBXFrameworksBuildPhase;
			buildActionMask = 2147483647;
			files = (
				50E65EBD13258D9300E66AFA /* CocoaLibSpotify.framework in Frameworks */,
				503D62D913257D92007772CA /* Cocoa.framework in Frameworks */,
			);
			runOnlyForDeploymentPostprocessing = 0;
		};
/* End PBXFrameworksBuildPhase section */

/* Begin PBXGroup section */
		503D62C913257D92007772CA = {
			isa = PBXGroup;
			children = (
				50E65E9C132585AF00E66AFA /* CocoaLibSpotify.xcodeproj */,
				503D62DE13257D92007772CA /* Viva */,
				503D62D713257D92007772CA /* Frameworks */,
				503D62D513257D92007772CA /* Products */,
			);
			sourceTree = "<group>";
		};
		503D62D513257D92007772CA /* Products */ = {
			isa = PBXGroup;
			children = (
				503D62D413257D92007772CA /* Viva.app */,
			);
			name = Products;
			sourceTree = "<group>";
		};
		503D62D713257D92007772CA /* Frameworks */ = {
			isa = PBXGroup;
			children = (
				50E65EBB13258D3E00E66AFA /* CocoaLibSpotify.framework */,
				503D62D813257D92007772CA /* Cocoa.framework */,
				503D62DA13257D92007772CA /* Other Frameworks */,
			);
			name = Frameworks;
			sourceTree = "<group>";
		};
		503D62DA13257D92007772CA /* Other Frameworks */ = {
			isa = PBXGroup;
			children = (
				503D62DB13257D92007772CA /* AppKit.framework */,
				503D62DC13257D92007772CA /* CoreData.framework */,
				503D62DD13257D92007772CA /* Foundation.framework */,
			);
			name = "Other Frameworks";
			sourceTree = "<group>";
		};
		503D62DE13257D92007772CA /* Viva */ = {
			isa = PBXGroup;
			children = (
				503EABFC133D81AF00C4607E /* UI */,
				503EABFD133D81BD00C4607E /* Model */,
				50C7B3DD132E398E0055EDE0 /* VivaAppDelegate.h */,
				503D62EB13257D92007772CA /* VivaAppDelegate.m */,
				503D62DF13257D92007772CA /* Supporting Files */,
			);
			path = Viva;
			sourceTree = "<group>";
		};
		503D62DF13257D92007772CA /* Supporting Files */ = {
			isa = PBXGroup;
			children = (
				503D630813257F5B007772CA /* libspotify_appkey.key */,
				503D630613257F4A007772CA /* local_files.icns */,
				503D62E013257D92007772CA /* Viva-Info.plist */,
				503D62E113257D92007772CA /* InfoPlist.strings */,
				503D62E413257D92007772CA /* Viva-Prefix.pch */,
				503D62E513257D92007772CA /* main.m */,
				503D62E713257D92007772CA /* Credits.rtf */,
				509AAE9B1339097C0009B6EE /* graphics */,
			);
			name = "Supporting Files";
			sourceTree = "<group>";
		};
		503EABFC133D81AF00C4607E /* UI */ = {
			isa = PBXGroup;
			children = (
				50DD06AF133A25B200CDE1C1 /* Window Controllers */,
				50C7B3B6132E2F5D0055EDE0 /* View Controllers */,
				509AAEDE13390BDE0009B6EE /* Custom Controls */,
			);
			name = UI;
			sourceTree = "<group>";
		};
		503EABFD133D81BD00C4607E /* Model */ = {
			isa = PBXGroup;
			children = (
				50C56A3D133944480072A754 /* Categories */,
				5004B3C2133E06810098C7B4 /* VivaInternalURLManager.h */,
				5004B3C3133E06810098C7B4 /* VivaInternalURLManager.m */,
			);
			name = Model;
			sourceTree = "<group>";
		};
		509AAE9B1339097C0009B6EE /* graphics */ = {
			isa = PBXGroup;
			children = (
				509AAE9C1339097C0009B6EE /* Footer */,
				509AAEBA1339097C0009B6EE /* Playlist */,
			);
			path = graphics;
			sourceTree = "<group>";
		};
		509AAE9C1339097C0009B6EE /* Footer */ = {
			isa = PBXGroup;
			children = (
				509AAE9D1339097C0009B6EE /* bg.png */,
				509AAE9E1339097C0009B6EE /* meeter-filled.png */,
				50842E4A133A3B1E00528555 /* meeter-filled-left.png */,
				50842E4B133A3B1E00528555 /* meeter-filled-middle.png */,
				50842E4C133A3B1E00528555 /* meeter-filled-right.png */,
				509AAE9F1339097C0009B6EE /* meeter.png */,
				50DD06B3133A396300CDE1C1 /* meeter-left.png */,
				50DD06B4133A396300CDE1C1 /* meeter-middle.png */,
				50DD06B5133A396300CDE1C1 /* meeter-right.png */,
				509AAEA01339097C0009B6EE /* next-pushed.png */,
				509AAEA11339097C0009B6EE /* next.png */,
				509AAEA21339097C0009B6EE /* pause-pushed.png */,
				509AAEA31339097C0009B6EE /* pause.png */,
				509AAEA41339097C0009B6EE /* play-pushed.png */,
				509AAEA51339097C0009B6EE /* play.png */,
				509AAEA61339097C0009B6EE /* prev-pushed.png */,
				509AAEA71339097C0009B6EE /* prev.png */,
				509AAEA81339097C0009B6EE /* repeat-off-pushed.png */,
				509AAEA91339097C0009B6EE /* repeat-off.png */,
				509AAEAA1339097C0009B6EE /* repeat-on-pushed.png */,
				509AAEAB1339097C0009B6EE /* repeat-on.png */,
				509AAEAC1339097C0009B6EE /* shuffle-off-pushed.png */,
				509AAEAD1339097C0009B6EE /* shuffle-off.png */,
				509AAEAE1339097C0009B6EE /* shuffle-on-pushed.png */,
				509AAEAF1339097C0009B6EE /* shuffle-on.png */,
				509AAEB01339097C0009B6EE /* split.png */,
				509AAEB11339097C0009B6EE /* star-pushed.png */,
				509AAEB21339097C0009B6EE /* star.png */,
				509AAEB31339097C0009B6EE /* starred-pushed.png */,
				509AAEB41339097C0009B6EE /* starred.png */,
				509AAEB51339097C0009B6EE /* trackball-pushed.png */,
				509AAEB61339097C0009B6EE /* trackball.png */,
				509AAEB71339097C0009B6EE /* volume.png */,
				509AAEB81339097C0009B6EE /* volumeball-pushed.png */,
				509AAEB91339097C0009B6EE /* volumeball.png */,
			);
			path = Footer;
			sourceTree = "<group>";
		};
		509AAEBA1339097C0009B6EE /* Playlist */ = {
			isa = PBXGroup;
			children = (
				509AAEBB1339097C0009B6EE /* share.png */,
				509AAEBC1339097C0009B6EE /* sortbar-split.png */,
				509AAEBD1339097C0009B6EE /* sortbar.png */,
			);
			path = Playlist;
			sourceTree = "<group>";
		};
		509AAEDE13390BDE0009B6EE /* Custom Controls */ = {
			isa = PBXGroup;
			children = (
				509AAEE3133913230009B6EE /* Views */,
				509AAEE21339131B0009B6EE /* Cells */,
			);
			name = "Custom Controls";
			sourceTree = "<group>";
		};
		509AAEE21339131B0009B6EE /* Cells */ = {
			isa = PBXGroup;
			children = (
				50C56A3413393D890072A754 /* ImageAndTextCell.h */,
				50C56A3513393D890072A754 /* ImageAndTextCell.m */,
				509AAEDF13390C390009B6EE /* SPTableHeaderCell.h */,
				509AAEE013390C390009B6EE /* SPTableHeaderCell.m */,
				50DD06B0133A339800CDE1C1 /* SPProgressSliderCell.h */,
				50DD06B1133A339800CDE1C1 /* SPProgressSliderCell.m */,
				50842E50133A43B100528555 /* SPVolumeSliderCell.h */,
				50842E51133A43B100528555 /* SPVolumeSliderCell.m */,
			);
			name = Cells;
			sourceTree = "<group>";
		};
		509AAEE3133913230009B6EE /* Views */ = {
			isa = PBXGroup;
			children = (
				509AAEE4133913370009B6EE /* SPSplitView.h */,
				509AAEE5133913370009B6EE /* SPSplitView.m */,
				50E819CD133926A3000CE44D /* SPBackgroundColorView.h */,
				50E819CE133926A3000CE44D /* SPBackgroundColorView.m */,
				50C56A3113393AA50072A754 /* SPTableCorner.h */,
				50C56A3213393AA50072A754 /* SPTableCorner.m */,
			);
			name = Views;
			sourceTree = "<group>";
		};
		509AAEE7133915F60009B6EE /* Footer View */ = {
			isa = PBXGroup;
			children = (
				509AAEE8133916190009B6EE /* FooterViewController.h */,
				509AAEE9133916190009B6EE /* FooterViewController.m */,
				509AAEEA133916190009B6EE /* FooterViewController.xib */,
			);
			name = "Footer View";
			sourceTree = "<group>";
		};
		50C56A3D133944480072A754 /* Categories */ = {
			isa = PBXGroup;
			children = (
				50C56A3E1339446E0072A754 /* VivaPlaylistExtensions.h */,
				50C56A3F1339446E0072A754 /* VivaPlaylistExtensions.m */,
			);
			name = Categories;
			sourceTree = "<group>";
		};
		50C7B3B6132E2F5D0055EDE0 /* View Controllers */ = {
			isa = PBXGroup;
			children = (
				509AAEE7133915F60009B6EE /* Footer View */,
				50C7B3DC132E39700055EDE0 /* Playlist View */,
			);
			name = "View Controllers";
			sourceTree = "<group>";
		};
		50C7B3DC132E39700055EDE0 /* Playlist View */ = {
			isa = PBXGroup;
			children = (
				50C7B3B7132E329A0055EDE0 /* PlaylistViewController.h */,
				50C7B3B8132E329A0055EDE0 /* PlaylistViewController.m */,
				50C7B3B9132E329A0055EDE0 /* PlaylistViewController.xib */,
			);
			name = "Playlist View";
			sourceTree = "<group>";
		};
		50DD06AF133A25B200CDE1C1 /* Window Controllers */ = {
			isa = PBXGroup;
			children = (
				50C7B3BC132E36D90055EDE0 /* MainWindowController.h */,
				50C7B3BD132E36D90055EDE0 /* MainWindowController.m */,
				503D630413257F28007772CA /* MainMenu.xib */,
			);
			name = "Window Controllers";
			sourceTree = "<group>";
		};
		50E65E9D132585AF00E66AFA /* Products */ = {
			isa = PBXGroup;
			children = (
				50E65EA4132585AF00E66AFA /* CocoaLibSpotify.framework */,
			);
			name = Products;
			sourceTree = "<group>";
		};
/* End PBXGroup section */

/* Begin PBXNativeTarget section */
		503D62D313257D92007772CA /* Viva */ = {
			isa = PBXNativeTarget;
			buildConfigurationList = 503D62F213257D92007772CA /* Build configuration list for PBXNativeTarget "Viva" */;
			buildPhases = (
				503D62D013257D92007772CA /* Sources */,
				503D62D113257D92007772CA /* Frameworks */,
				503D62D213257D92007772CA /* Resources */,
				50E65EA8132585D000E66AFA /* CopyFiles */,
			);
			buildRules = (
			);
			dependencies = (
			);
			name = Viva;
			productName = Viva;
			productReference = 503D62D413257D92007772CA /* Viva.app */;
			productType = "com.apple.product-type.application";
		};
/* End PBXNativeTarget section */

/* Begin PBXProject section */
		503D62CB13257D92007772CA /* Project object */ = {
			isa = PBXProject;
			buildConfigurationList = 503D62CE13257D92007772CA /* Build configuration list for PBXProject "Viva" */;
			compatibilityVersion = "Xcode 3.2";
			developmentRegion = English;
			hasScannedForEncodings = 0;
			knownRegions = (
				en,
			);
			mainGroup = 503D62C913257D92007772CA;
			productRefGroup = 503D62D513257D92007772CA /* Products */;
			projectDirPath = "";
			projectReferences = (
				{
					ProductGroup = 50E65E9D132585AF00E66AFA /* Products */;
					ProjectRef = 50E65E9C132585AF00E66AFA /* CocoaLibSpotify.xcodeproj */;
				},
			);
			projectRoot = "";
			targets = (
				503D62D313257D92007772CA /* Viva */,
			);
		};
/* End PBXProject section */

/* Begin PBXReferenceProxy section */
		50E65EA4132585AF00E66AFA /* CocoaLibSpotify.framework */ = {
			isa = PBXReferenceProxy;
			fileType = wrapper.framework;
			path = CocoaLibSpotify.framework;
			remoteRef = 50E65EA3132585AF00E66AFA /* PBXContainerItemProxy */;
			sourceTree = BUILT_PRODUCTS_DIR;
		};
/* End PBXReferenceProxy section */

/* Begin PBXResourcesBuildPhase section */
		503D62D213257D92007772CA /* Resources */ = {
			isa = PBXResourcesBuildPhase;
			buildActionMask = 2147483647;
			files = (
				503D62E313257D92007772CA /* InfoPlist.strings in Resources */,
				503D62E913257D92007772CA /* Credits.rtf in Resources */,
				503D630513257F28007772CA /* MainMenu.xib in Resources */,
				503D630713257F4A007772CA /* local_files.icns in Resources */,
				503D630913257F5B007772CA /* libspotify_appkey.key in Resources */,
				50C7B3BB132E329A0055EDE0 /* PlaylistViewController.xib in Resources */,
				509AAEBE1339097C0009B6EE /* bg.png in Resources */,
				509AAEBF1339097C0009B6EE /* meeter-filled.png in Resources */,
				509AAEC01339097C0009B6EE /* meeter.png in Resources */,
				509AAEC11339097C0009B6EE /* next-pushed.png in Resources */,
				509AAEC21339097C0009B6EE /* next.png in Resources */,
				509AAEC31339097C0009B6EE /* pause-pushed.png in Resources */,
				509AAEC41339097C0009B6EE /* pause.png in Resources */,
				509AAEC51339097C0009B6EE /* play-pushed.png in Resources */,
				509AAEC61339097C0009B6EE /* play.png in Resources */,
				509AAEC71339097C0009B6EE /* prev-pushed.png in Resources */,
				509AAEC81339097C0009B6EE /* prev.png in Resources */,
				509AAEC91339097C0009B6EE /* repeat-off-pushed.png in Resources */,
				509AAECA1339097C0009B6EE /* repeat-off.png in Resources */,
				509AAECB1339097C0009B6EE /* repeat-on-pushed.png in Resources */,
				509AAECC1339097C0009B6EE /* repeat-on.png in Resources */,
				509AAECD1339097C0009B6EE /* shuffle-off-pushed.png in Resources */,
				509AAECE1339097C0009B6EE /* shuffle-off.png in Resources */,
				509AAECF1339097C0009B6EE /* shuffle-on-pushed.png in Resources */,
				509AAED01339097C0009B6EE /* shuffle-on.png in Resources */,
				509AAED11339097C0009B6EE /* split.png in Resources */,
				509AAED21339097C0009B6EE /* star-pushed.png in Resources */,
				509AAED31339097C0009B6EE /* star.png in Resources */,
				509AAED41339097C0009B6EE /* starred-pushed.png in Resources */,
				509AAED51339097C0009B6EE /* starred.png in Resources */,
				509AAED61339097C0009B6EE /* trackball-pushed.png in Resources */,
				509AAED71339097C0009B6EE /* trackball.png in Resources */,
				509AAED81339097C0009B6EE /* volume.png in Resources */,
				509AAED91339097C0009B6EE /* volumeball-pushed.png in Resources */,
				509AAEDA1339097C0009B6EE /* volumeball.png in Resources */,
				509AAEDB1339097C0009B6EE /* share.png in Resources */,
				509AAEDC1339097C0009B6EE /* sortbar-split.png in Resources */,
				509AAEDD1339097C0009B6EE /* sortbar.png in Resources */,
				509AAEEC133916190009B6EE /* FooterViewController.xib in Resources */,
				50DD06B6133A396300CDE1C1 /* meeter-left.png in Resources */,
				50DD06B7133A396300CDE1C1 /* meeter-middle.png in Resources */,
				50DD06B8133A396300CDE1C1 /* meeter-right.png in Resources */,
				50842E4D133A3B1E00528555 /* meeter-filled-left.png in Resources */,
				50842E4E133A3B1E00528555 /* meeter-filled-middle.png in Resources */,
				50842E4F133A3B1E00528555 /* meeter-filled-right.png in Resources */,
			);
			runOnlyForDeploymentPostprocessing = 0;
		};
/* End PBXResourcesBuildPhase section */

/* Begin PBXSourcesBuildPhase section */
		503D62D013257D92007772CA /* Sources */ = {
			isa = PBXSourcesBuildPhase;
			buildActionMask = 2147483647;
			files = (
				503D62E613257D92007772CA /* main.m in Sources */,
				503D62EC13257D92007772CA /* VivaAppDelegate.m in Sources */,
				50C7B3BA132E329A0055EDE0 /* PlaylistViewController.m in Sources */,
				50C7B3BE132E36DA0055EDE0 /* MainWindowController.m in Sources */,
				509AAEE113390C390009B6EE /* SPTableHeaderCell.m in Sources */,
				509AAEE6133913370009B6EE /* SPSplitView.m in Sources */,
				509AAEEB133916190009B6EE /* FooterViewController.m in Sources */,
				50E819CF133926A3000CE44D /* SPBackgroundColorView.m in Sources */,
				50C56A3313393AA50072A754 /* SPTableCorner.m in Sources */,
				50C56A3613393D890072A754 /* ImageAndTextCell.m in Sources */,
				50C56A401339446E0072A754 /* VivaPlaylistExtensions.m in Sources */,
				50DD06B2133A339800CDE1C1 /* SPProgressSliderCell.m in Sources */,
				50842E52133A43B100528555 /* SPVolumeSliderCell.m in Sources */,
				5004B3C4133E06810098C7B4 /* VivaInternalURLManager.m in Sources */,
			);
			runOnlyForDeploymentPostprocessing = 0;
		};
/* End PBXSourcesBuildPhase section */

/* Begin PBXVariantGroup section */
		503D62E113257D92007772CA /* InfoPlist.strings */ = {
			isa = PBXVariantGroup;
			children = (
				503D62E213257D92007772CA /* en */,
			);
			name = InfoPlist.strings;
			sourceTree = "<group>";
		};
		503D62E713257D92007772CA /* Credits.rtf */ = {
			isa = PBXVariantGroup;
			children = (
				503D62E813257D92007772CA /* en */,
			);
			name = Credits.rtf;
			sourceTree = "<group>";
		};
/* End PBXVariantGroup section */

/* Begin XCBuildConfiguration section */
		503D62F013257D92007772CA /* Debug */ = {
			isa = XCBuildConfiguration;
			buildSettings = {
				ARCHS = "$(ARCHS_STANDARD_64_BIT)";
				FRAMEWORK_SEARCH_PATHS = "";
				GCC_C_LANGUAGE_STANDARD = gnu99;
				GCC_ENABLE_OBJC_GC = unsupported;
				GCC_OPTIMIZATION_LEVEL = 0;
				GCC_PREPROCESSOR_DEFINITIONS = DEBUG;
				GCC_SYMBOLS_PRIVATE_EXTERN = NO;
				GCC_VERSION = com.apple.compilers.llvm.clang.1_0;
				GCC_WARN_64_TO_32_BIT_CONVERSION = YES;
				GCC_WARN_ABOUT_RETURN_TYPE = YES;
				GCC_WARN_UNUSED_VARIABLE = YES;
				HEADER_SEARCH_PATHS = "";
				LD_RUNPATH_SEARCH_PATHS = "@loader_path/../Frameworks";
				MACOSX_DEPLOYMENT_TARGET = 10.6;
				ONLY_ACTIVE_ARCH = YES;
				RUN_CLANG_STATIC_ANALYZER = YES;
				SDKROOT = macosx;
				USER_HEADER_SEARCH_PATHS = "";
			};
			name = Debug;
		};
		503D62F113257D92007772CA /* Release */ = {
			isa = XCBuildConfiguration;
			buildSettings = {
				ARCHS = "$(ARCHS_STANDARD_64_BIT)";
				FRAMEWORK_SEARCH_PATHS = "";
				GCC_C_LANGUAGE_STANDARD = gnu99;
				GCC_ENABLE_OBJC_GC = unsupported;
				GCC_VERSION = com.apple.compilers.llvm.clang.1_0;
				GCC_WARN_64_TO_32_BIT_CONVERSION = YES;
				GCC_WARN_ABOUT_RETURN_TYPE = YES;
				GCC_WARN_UNUSED_VARIABLE = YES;
				HEADER_SEARCH_PATHS = "";
				LD_RUNPATH_SEARCH_PATHS = "@loader_path/../Frameworks";
				MACOSX_DEPLOYMENT_TARGET = 10.6;
				RUN_CLANG_STATIC_ANALYZER = YES;
				SDKROOT = macosx;
				USER_HEADER_SEARCH_PATHS = "";
			};
			name = Release;
		};
		503D62F313257D92007772CA /* Debug */ = {
			isa = XCBuildConfiguration;
			buildSettings = {
				ALWAYS_SEARCH_USER_PATHS = NO;
				COPY_PHASE_STRIP = NO;
				FRAMEWORK_SEARCH_PATHS = (
					"$(inherited)",
					"\"$(SRCROOT)\"",
					"\"$(SRCROOT)/cocoalibspotify\"",
				);
				GCC_DYNAMIC_NO_PIC = NO;
				GCC_ENABLE_OBJC_EXCEPTIONS = YES;
				GCC_PRECOMPILE_PREFIX_HEADER = YES;
				GCC_PREFIX_HEADER = "Viva/Viva-Prefix.pch";
				INFOPLIST_FILE = "Viva/Viva-Info.plist";
				PRODUCT_NAME = "$(TARGET_NAME)";
				WRAPPER_EXTENSION = app;
			};
			name = Debug;
		};
		503D62F413257D92007772CA /* Release */ = {
			isa = XCBuildConfiguration;
			buildSettings = {
				ALWAYS_SEARCH_USER_PATHS = NO;
				COPY_PHASE_STRIP = YES;
				DEBUG_INFORMATION_FORMAT = "dwarf-with-dsym";
				FRAMEWORK_SEARCH_PATHS = (
					"$(inherited)",
					"\"$(SRCROOT)\"",
					"\"$(SRCROOT)/cocoalibspotify\"",
				);
				GCC_ENABLE_OBJC_EXCEPTIONS = YES;
				GCC_PRECOMPILE_PREFIX_HEADER = YES;
				GCC_PREFIX_HEADER = "Viva/Viva-Prefix.pch";
				INFOPLIST_FILE = "Viva/Viva-Info.plist";
				PRODUCT_NAME = "$(TARGET_NAME)";
				WRAPPER_EXTENSION = app;
			};
			name = Release;
		};
/* End XCBuildConfiguration section */

/* Begin XCConfigurationList section */
		503D62CE13257D92007772CA /* Build configuration list for PBXProject "Viva" */ = {
			isa = XCConfigurationList;
			buildConfigurations = (
				503D62F013257D92007772CA /* Debug */,
				503D62F113257D92007772CA /* Release */,
			);
			defaultConfigurationIsVisible = 0;
			defaultConfigurationName = Release;
		};
		503D62F213257D92007772CA /* Build configuration list for PBXNativeTarget "Viva" */ = {
			isa = XCConfigurationList;
			buildConfigurations = (
				503D62F313257D92007772CA /* Debug */,
				503D62F413257D92007772CA /* Release */,
			);
			defaultConfigurationIsVisible = 0;
			defaultConfigurationName = Release;
		};
/* End XCConfigurationList section */
	};
	rootObject = 503D62CB13257D92007772CA /* Project object */;
}
